
Microsoft Visual Studio Solution File, Format Version 12.00
# Visual Studio Version 16
VisualStudioVersion = 16.0.31313.79
MinimumVisualStudioVersion = 10.0.40219.1
Project("{FAE04EC0-301F-11D3-BF4B-00C04F79EFBC}") = "Shop_GUI", "Shop_GUI\Shop_GUI.csproj", "{916D23C2-8053-4E3C-88BE-E5690729306B}"
EndProject
Global
	GlobalSection(SolutionConfigurationPlatforms) = preSolution
		Debug|Any CPU = Debug|Any CPU
		Release|Any CPU = Release|Any CPU
	EndGlobalSection
	GlobalSection(ProjectConfigurationPlatforms) = postSolution
		{916D23C2-8053-4E3C-88BE-E5690729306B}.Debug|Any CPU.ActiveCfg = Debug|Any CPU
		{916D23C2-8053-4E3C-88BE-E5690729306B}.Debug|Any CPU.Build.0 = Debug|Any CPU
		{916D23C2-8053-4E3C-88BE-E5690729306B}.Release|Any CPU.ActiveCfg = Release|Any CPU
		{916D23C2-8053-4E3C-88BE-E5690729306B}.Release|Any CPU.Build.0 = Release|Any CPU
	EndGlobalSection
	GlobalSection(SolutionProperties) = preSolution
		HideSolutionNode = FALSE
	EndGlobalSection
	GlobalSection(ExtensibilityGlobals) = postSolution
		SolutionGuid = {3903C7A8-BF25-4AED-AFE4-93C80C6AF274}
	EndGlobalSection
EndGlobal
